Microsoft Visual Studio Solution File, Format Version 12.00
# Visual Studio Version 16
VisualStudioVersion = 16.0.30104.148
MinimumVisualStudioVersion = 10.0.40219.1
Project("{9A19103F-16F7-4668-BE54-9A1E7A4F7556}") = "BlogAdmin", "BlogAdmin\BlogAdmin.csproj", "{D4FA2CA8-F621-40AC-8A96-FA14E997CA1B}"
EndProject
Project("{9A19103F-16F7-4668-BE54-9A1E7A4F7556}") = "Blog.Common", "Blog.Common\Blog.Common.csproj", "{922EB1A0-C416-4AB3-A89F-00DABFD74CD0}"
EndProject
Project("{9A19103F-16F7-4668-BE54-9A1E7A4F7556}") = "Blog.Model", "Blog.Model\Blog.Model.csproj", "{E324B392-36B1-42E7-8670-F0C6F11AD804}"
EndProject
Project("{9A19103F-16F7-4668-BE54-9A1E7A4F7556}") = "Blog.Repository", "Blog.Repository\Blog.Repository.csproj", "{CA81812E-D738-4BFB-8CF6-013A17102166}"
EndProject
Project("{9A19103F-16F7-4668-BE54-9A1E7A4F7556}") = "Blog.IRepository", "Blog.IRepository\Blog.IRepository.csproj", "{4412AB45-ECBA-4B2A-A3C6-09A4EF5F46EB}"
EndProject
Project("{9A19103F-16F7-4668-BE54-9A1E7A4F7556}") = "Blog.IServices", "Blog.IServices\Blog.IServices.csproj", "{5F6573B0-FEF3-40FD-92FE-5F56EF0CB01D}"
EndProject
Project("{9A19103F-16F7-4668-BE54-9A1E7A4F7556}") = "Blog.Services", "Blog.Services\Blog.Services.csproj", "{050C8A72-526E-4DAB-A2A3-957A44BD8A16}"
EndProject
Project("{9A19103F-16F7-4668-BE54-9A1E7A4F7556}") = "Blog.Dto", "Blog.Dto\Blog.Dto.csproj", "{5AB41156-BFFD-4518-BE9D-2B83D12021F5}"
EndProject
Project("{9A19103F-16F7-4668-BE54-9A1E7A4F7556}") = "Blog.Test", "Blog.Test\Blog.Test.csproj", "{871FC8C9-C9F4-47CC-A41D-CD2706DD5987}"
EndProject
Project("{FAE04EC0-301F-11D3-BF4B-00C04F79EFBC}") = "Blog.Console", "Blog.Console\Blog.Console.csproj", "{345DE6F5-7ED8-4DEE-AA93-5C8F75D33AC9}"
EndProject
Global
	GlobalSection(SolutionConfigurationPlatforms) = preSolution
		Debug|Any CPU = Debug|Any CPU
		Release|Any CPU = Release|Any CPU
	EndGlobalSection
	GlobalSection(ProjectConfigurationPlatforms) = postSolution
		{D4FA2CA8-F621-40AC-8A96-FA14E997CA1B}.Debug|Any CPU.ActiveCfg = Debug|Any CPU
		{D4FA2CA8-F621-40AC-8A96-FA14E997CA1B}.Debug|Any CPU.Build.0 = Debug|Any CPU
		{D4FA2CA8-F621-40AC-8A96-FA14E997CA1B}.Release|Any CPU.ActiveCfg = Release|Any CPU
		{D4FA2CA8-F621-40AC-8A96-FA14E997CA1B}.Release|Any CPU.Build.0 = Release|Any CPU
		{922EB1A0-C416-4AB3-A89F-00DABFD74CD0}.Debug|Any CPU.ActiveCfg = Debug|Any CPU
		{922EB1A0-C416-4AB3-A89F-00DABFD74CD0}.Debug|Any CPU.Build.0 = Debug|Any CPU
		{922EB1A0-C416-4AB3-A89F-00DABFD74CD0}.Release|Any CPU.ActiveCfg = Release|Any CPU
		{922EB1A0-C416-4AB3-A89F-00DABFD74CD0}.Release|Any CPU.Build.0 = Release|Any CPU
		{E324B392-36B1-42E7-8670-F0C6F11AD804}.Debug|Any CPU.ActiveCfg = Debug|Any CPU
		{E324B392-36B1-42E7-8670-F0C6F11AD804}.Debug|Any CPU.Build.0 = Debug|Any CPU
		{E324B392-36B1-42E7-8670-F0C6F11AD804}.Release|Any CPU.ActiveCfg = Release|Any CPU
		{E324B392-36B1-42E7-8670-F0C6F11AD804}.Release|Any CPU.Build.0 = Release|Any CPU
		{CA81812E-D738-4BFB-8CF6-013A17102166}.Debug|Any CPU.ActiveCfg = Debug|Any CPU
		{CA81812E-D738-4BFB-8CF6-013A17102166}.Debug|Any CPU.Build.0 = Debug|Any CPU
		{CA81812E-D738-4BFB-8CF6-013A17102166}.Release|Any CPU.ActiveCfg = Release|Any CPU
		{CA81812E-D738-4BFB-8CF6-013A17102166}.Release|Any CPU.Build.0 = Release|Any CPU
		{4412AB45-ECBA-4B2A-A3C6-09A4EF5F46EB}.Debug|Any CPU.ActiveCfg = Debug|Any CPU
		{4412AB45-ECBA-4B2A-A3C6-09A4EF5F46EB}.Debug|Any CPU.Build.0 = Debug|Any CPU
		{4412AB45-ECBA-4B2A-A3C6-09A4EF5F46EB}.Release|Any CPU.ActiveCfg = Release|Any CPU
		{4412AB45-ECBA-4B2A-A3C6-09A4EF5F46EB}.Release|Any CPU.Build.0 = Release|Any CPU
		{5F6573B0-FEF3-40FD-92FE-5F56EF0CB01D}.Debug|Any CPU.ActiveCfg = Debug|Any CPU
		{5F6573B0-FEF3-40FD-92FE-5F56EF0CB01D}.Debug|Any CPU.Build.0 = Debug|Any CPU
		{5F6573B0-FEF3-40FD-92FE-5F56EF0CB01D}.Release|Any CPU.ActiveCfg = Release|Any CPU
		{5F6573B0-FEF3-40FD-92FE-5F56EF0CB01D}.Release|Any CPU.Build.0 = Release|Any CPU
		{050C8A72-526E-4DAB-A2A3-957A44BD8A16}.Debug|Any CPU.ActiveCfg = Debug|Any CPU
		{050C8A72-526E-4DAB-A2A3-957A44BD8A16}.Debug|Any CPU.Build.0 = Debug|Any CPU
		{050C8A72-526E-4DAB-A2A3-957A44BD8A16}.Release|Any CPU.ActiveCfg = Release|Any CPU
		{050C8A72-526E-4DAB-A2A3-957A44BD8A16}.Release|Any CPU.Build.0 = Release|Any CPU
		{5AB41156-BFFD-4518-BE9D-2B83D12021F5}.Debug|Any CPU.ActiveCfg = Debug|Any CPU
		{5AB41156-BFFD-4518-BE9D-2B83D12021F5}.Debug|Any CPU.Build.0 = Debug|Any CPU
		{5AB41156-BFFD-4518-BE9D-2B83D12021F5}.Release|Any CPU.ActiveCfg = Release|Any CPU
		{5AB41156-BFFD-4518-BE9D-2B83D12021F5}.Release|Any CPU.Build.0 = Release|Any CPU
		{871FC8C9-C9F4-47CC-A41D-CD2706DD5987}.Debug|Any CPU.ActiveCfg = Debug|Any CPU
		{871FC8C9-C9F4-47CC-A41D-CD2706DD5987}.Debug|Any CPU.Build.0 = Debug|Any CPU
		{871FC8C9-C9F4-47CC-A41D-CD2706DD5987}.Release|Any CPU.ActiveCfg = Release|Any CPU
		{871FC8C9-C9F4-47CC-A41D-CD2706DD5987}.Release|Any CPU.Build.0 = Release|Any CPU
		{345DE6F5-7ED8-4DEE-AA93-5C8F75D33AC9}.Debug|Any CPU.ActiveCfg = Debug|Any CPU
		{345DE6F5-7ED8-4DEE-AA93-5C8F75D33AC9}.Debug|Any CPU.Build.0 = Debug|Any CPU
		{345DE6F5-7ED8-4DEE-AA93-5C8F75D33AC9}.Release|Any CPU.ActiveCfg = Release|Any CPU
		{345DE6F5-7ED8-4DEE-AA93-5C8F75D33AC9}.Release|Any CPU.Build.0 = Release|Any CPU
	EndGlobalSection
	GlobalSection(SolutionProperties) = preSolution
		HideSolutionNode = FALSE
	EndGlobalSection
	GlobalSection(ExtensibilityGlobals) = postSolution
		SolutionGuid = {0F87CC5A-0031-468F-90B0-A2D6D5AFB9D4}
	EndGlobalSection
EndGlobal
